
Microsoft Visual Studio Solution File, Format Version 12.00
# Visual Studio Version 17
VisualStudioVersion = 17.14.36414.22 d17.14
MinimumVisualStudioVersion = 10.0.40219.1
Project("{FAE04EC0-301F-11D3-BF4B-00C04F79EFBC}") = "Practica2Nomina", "Practica2Nomina.csproj", "{AD4E0A60-02BC-454E-AC2F-E7DD6EC9B050}"
EndProject
Global
	GlobalSection(SolutionConfigurationPlatforms) = preSolution
		Debug|Any CPU = Debug|Any CPU
		Release|Any CPU = Release|Any CPU
	EndGlobalSection
	GlobalSection(ProjectConfigurationPlatforms) = postSolution
		{AD4E0A60-02BC-454E-AC2F-E7DD6EC9B050}.Debug|Any CPU.ActiveCfg = Debug|Any CPU
		{AD4E0A60-02BC-454E-AC2F-E7DD6EC9B050}.Debug|Any CPU.Build.0 = Debug|Any CPU
		{AD4E0A60-02BC-454E-AC2F-E7DD6EC9B050}.Release|Any CPU.ActiveCfg = Release|Any CPU
		{AD4E0A60-02BC-454E-AC2F-E7DD6EC9B050}.Release|Any CPU.Build.0 = Release|Any CPU
	EndGlobalSection
	GlobalSection(SolutionProperties) = preSolution
		HideSolutionNode = FALSE
	EndGlobalSection
	GlobalSection(ExtensibilityGlobals) = postSolution
		SolutionGuid = {F8BE2703-0F75-4BCA-932B-1BB54F9FE5E1}
	EndGlobalSection
EndGlobal
